github.com/ben-meeker/soap v1.0.3 h1:/yBrha698pzG17SgMCwbrThDbSHv9CUNnXxHJ4JFl38=
github.com/ben-meeker/soap v1.0.3/go.mod h1:Pc+ed+O1hnWH8ZsV+dVHMIROPkS1ISSvHCnsd1xFzX8=
github.com/ben-meeker/soap v1.1.4 h1:pH6QqudKE1O1f1Q6b3G1bGcRHg5wFfenPvot3OxLyNo=
github.com/ben-meeker/soap v1.1.4/go.mod h1:Pc+ed+O1hnWH8ZsV+dVHMIROPkS1ISSvHCnsd1xFzX8=
